
Microsoft Visual Studio Solution File, Format Version 12.00
# Visual Studio Version 17
VisualStudioVersion = 17.2.32505.173
MinimumVisualStudioVersion = 10.0.40219.1
Project("{FAE04EC0-301F-11D3-BF4B-00C04F79EFBC}") = "Practice-Product-Entry", "Practice-Product-Entry\Practice-Product-Entry.csproj", "{0A9768AB-8E1F-42E8-B94A-D39C0F7CE2F2}"
EndProject
Global
	GlobalSection(SolutionConfigurationPlatforms) = preSolution
		Debug|Any CPU = Debug|Any CPU
		Release|Any CPU = Release|Any CPU
	EndGlobalSection
	GlobalSection(ProjectConfigurationPlatforms) = postSolution
		{0A9768AB-8E1F-42E8-B94A-D39C0F7CE2F2}.Debug|Any CPU.ActiveCfg = Debug|Any CPU
		{0A9768AB-8E1F-42E8-B94A-D39C0F7CE2F2}.Debug|Any CPU.Build.0 = Debug|Any CPU
		{0A9768AB-8E1F-42E8-B94A-D39C0F7CE2F2}.Release|Any CPU.ActiveCfg = Release|Any CPU
		{0A9768AB-8E1F-42E8-B94A-D39C0F7CE2F2}.Release|Any CPU.Build.0 = Release|Any CPU
	EndGlobalSection
	GlobalSection(SolutionProperties) = preSolution
		HideSolutionNode = FALSE
	EndGlobalSection
	GlobalSection(ExtensibilityGlobals) = postSolution
		SolutionGuid = {C7CA6496-FF6F-4D69-A86C-CCCE95D15A47}
	EndGlobalSection
EndGlobal
